
Microsoft Visual Studio Solution File, Format Version 12.00
# Visual Studio Version 17
VisualStudioVersion = 17.14.36414.22 d17.14
MinimumVisualStudioVersion = 10.0.40219.1
Project("{FAE04EC0-301F-11D3-BF4B-00C04F79EFBC}") = "Musharaka", "Musharaka\Musharaka.csproj", "{4E3D6948-0A6B-4B01-A886-0F5BC5FE6663}"
EndProject
Global
	GlobalSection(SolutionConfigurationPlatforms) = preSolution
		Debug|Any CPU = Debug|Any CPU
		Release|Any CPU = Release|Any CPU
	EndGlobalSection
	GlobalSection(ProjectConfigurationPlatforms) = postSolution
		{4E3D6948-0A6B-4B01-A886-0F5BC5FE6663}.Debug|Any CPU.ActiveCfg = Debug|Any CPU
		{4E3D6948-0A6B-4B01-A886-0F5BC5FE6663}.Debug|Any CPU.Build.0 = Debug|Any CPU
		{4E3D6948-0A6B-4B01-A886-0F5BC5FE6663}.Release|Any CPU.ActiveCfg = Release|Any CPU
		{4E3D6948-0A6B-4B01-A886-0F5BC5FE6663}.Release|Any CPU.Build.0 = Release|Any CPU
	EndGlobalSection
	GlobalSection(SolutionProperties) = preSolution
		HideSolutionNode = FALSE
	EndGlobalSection
	GlobalSection(ExtensibilityGlobals) = postSolution
		SolutionGuid = {16405704-CA02-48A9-AF32-20932FE851FE}
	EndGlobalSection
EndGlobal
